
Microsoft Visual Studio Solution File, Format Version 12.00
# Visual Studio Version 17
VisualStudioVersion = 17.11.35327.3
MinimumVisualStudioVersion = 10.0.40219.1
Project("{FAE04EC0-301F-11D3-BF4B-00C04F79EFBC}") = "ExceptionHandlingCSharp", "ExceptionHandlingCSharp\ExceptionHandlingCSharp.csproj", "{01CBA5EB-715B-4BBE-A5EF-FA9C734D5242}"
EndProject
Global
	GlobalSection(SolutionConfigurationPlatforms) = preSolution
		Debug|Any CPU = Debug|Any CPU
		Release|Any CPU = Release|Any CPU
	EndGlobalSection
	GlobalSection(ProjectConfigurationPlatforms) = postSolution
		{01CBA5EB-715B-4BBE-A5EF-FA9C734D5242}.Debug|Any CPU.ActiveCfg = Debug|Any CPU
		{01CBA5EB-715B-4BBE-A5EF-FA9C734D5242}.Debug|Any CPU.Build.0 = Debug|Any CPU
		{01CBA5EB-715B-4BBE-A5EF-FA9C734D5242}.Release|Any CPU.ActiveCfg = Release|Any CPU
		{01CBA5EB-715B-4BBE-A5EF-FA9C734D5242}.Release|Any CPU.Build.0 = Release|Any CPU
	EndGlobalSection
	GlobalSection(SolutionProperties) = preSolution
		HideSolutionNode = FALSE
	EndGlobalSection
	GlobalSection(ExtensibilityGlobals) = postSolution
		SolutionGuid = {4654B87A-8B7F-4F13-B3AA-A08AAD6616A4}
	EndGlobalSection
EndGlobal
